
Microsoft Visual Studio Solution File, Format Version 12.00
# Visual Studio Version 17
VisualStudioVersion = 17.5.33502.453
MinimumVisualStudioVersion = 10.0.40219.1
Project("{FAE04EC0-301F-11D3-BF4B-00C04F79EFBC}") = "POO(lucru_nr_complexe)", "POO(lucru_nr_complexe).csproj", "{6075B99F-932E-47EE-88CB-C3E8230176FA}"
EndProject
Global
	GlobalSection(SolutionConfigurationPlatforms) = preSolution
		Debug|Any CPU = Debug|Any CPU
		Release|Any CPU = Release|Any CPU
	EndGlobalSection
	GlobalSection(ProjectConfigurationPlatforms) = postSolution
		{6075B99F-932E-47EE-88CB-C3E8230176FA}.Debug|Any CPU.ActiveCfg = Debug|Any CPU
		{6075B99F-932E-47EE-88CB-C3E8230176FA}.Debug|Any CPU.Build.0 = Debug|Any CPU
		{6075B99F-932E-47EE-88CB-C3E8230176FA}.Release|Any CPU.ActiveCfg = Release|Any CPU
		{6075B99F-932E-47EE-88CB-C3E8230176FA}.Release|Any CPU.Build.0 = Release|Any CPU
	EndGlobalSection
	GlobalSection(SolutionProperties) = preSolution
		HideSolutionNode = FALSE
	EndGlobalSection
	GlobalSection(ExtensibilityGlobals) = postSolution
		SolutionGuid = {1407118C-FC2D-4F7F-83A7-B974395B4DF5}
	EndGlobalSection
EndGlobal
